<?xml version="1.0" encoding="utf-8"?>
<Project ToolsVersion="4.0" xmlns="http://schemas.microsoft.com/developer/msbuild/2003">
  <ItemGroup>
    <Filter Include="源文件">
      <UniqueIdentifier>{4FC737F1-C7A5-4376-A066-2A32D752A2FF}</UniqueIdentifier>
      <Extensions>cpp;c;cc;cxx;def;odl;idl;hpj;bat;asm;asmx</Extensions>
    </Filter>
    <Filter Include="头文件">
      <UniqueIdentifier>{93995380-89BD-4b04-88EB-625FBE52EBFB}</UniqueIdentifier>
      <Extensions>h;hh;hpp;hxx;hm;inl;inc;xsd</Extensions>
    </Filter>
    <Filter Include="资源文件">
      <UniqueIdentifier>{67DA6AB6-F800-4c08-8B7A-83BB121AAD01}</UniqueIdentifier>
      <Extensions>rc;ico;cur;bmp;dlg;rc2;rct;bin;rgs;gif;jpg;jpeg;jpe;resx;tiff;tif;png;wav;mfcribbon-ms</Extensions>
    </Filter>
  </ItemGroup>
  <ItemGroup>
    <ClCompile Include="main.cpp">
      <Filter>源文件</Filter>
    </ClCompile>
    <ClCompile Include="Window.cpp">
      <Filter>源文件</Filter>
    </ClCompile>
    <ClCompile Include="renderer.cpp">
      <Filter>源文件</Filter>
    </ClCompile>
    <ClCompile Include="shaderec.cpp">
      <Filter>源文件</Filter>
    </ClCompile>
    <ClCompile Include="singlesphere.cpp">
      <Filter>源文件</Filter>
    </ClCompile>
    <ClCompile Include="world.cpp">
      <Filter>源文件</Filter>
    </ClCompile>
    <ClCompile Include="sphere.cpp">
      <Filter>源文件</Filter>
    </ClCompile>
    <ClCompile Include="multiobject.cpp">
      <Filter>源文件</Filter>
    </ClCompile>
    <ClCompile Include="plane.cpp">
      <Filter>源文件</Filter>
    </ClCompile>
    <ClCompile Include="sample_jittered.cpp">
      <Filter>源文件</Filter>
    </ClCompile>
    <ClCompile Include="viewplane.cpp">
      <Filter>源文件</Filter>
    </ClCompile>
    <ClCompile Include="drand48.cpp">
      <Filter>源文件</Filter>
    </ClCompile>
    <ClCompile Include="sample_random.cpp">
      <Filter>源文件</Filter>
    </ClCompile>
    <ClCompile Include="sample_multijittered.cpp">
      <Filter>源文件</Filter>
    </ClCompile>
    <ClCompile Include="sample_nrooks.cpp">
      <Filter>源文件</Filter>
    </ClCompile>
    <ClCompile Include="sample_regular.cpp">
      <Filter>源文件</Filter>
    </ClCompile>
    <ClCompile Include="sampler.cpp">
      <Filter>源文件</Filter>
    </ClCompile>
    <ClCompile Include="camera.cpp">
      <Filter>源文件</Filter>
    </ClCompile>
    <ClCompile Include="camera_pinhole.cpp">
      <Filter>源文件</Filter>
    </ClCompile>
    <ClCompile Include="camera_orthographic.cpp">
      <Filter>源文件</Filter>
    </ClCompile>
  </ItemGroup>
  <ItemGroup>
    <ClInclude Include="Window.h">
      <Filter>头文件</Filter>
    </ClInclude>
    <ClInclude Include="renderer.h">
      <Filter>头文件</Filter>
    </ClInclude>
    <ClInclude Include="fps.h">
      <Filter>头文件</Filter>
    </ClInclude>
    <ClInclude Include="mymath.h">
      <Filter>头文件</Filter>
    </ClInclude>
    <ClInclude Include="ray.h">
      <Filter>头文件</Filter>
    </ClInclude>
    <ClInclude Include="sphere.h">
      <Filter>头文件</Filter>
    </ClInclude>
    <ClInclude Include="objectbase.h">
      <Filter>头文件</Filter>
    </ClInclude>
    <ClInclude Include="plane.h">
      <Filter>头文件</Filter>
    </ClInclude>
    <ClInclude Include="shaderec.h">
      <Filter>头文件</Filter>
    </ClInclude>
    <ClInclude Include="world.h">
      <Filter>头文件</Filter>
    </ClInclude>
    <ClInclude Include="rgbcolor.h">
      <Filter>头文件</Filter>
    </ClInclude>
    <ClInclude Include="tracer.h">
      <Filter>头文件</Filter>
    </ClInclude>
    <ClInclude Include="singlesphere.h">
      <Filter>头文件</Filter>
    </ClInclude>
    <ClInclude Include="viewplane.h">
      <Filter>头文件</Filter>
    </ClInclude>
    <ClInclude Include="define.h">
      <Filter>头文件</Filter>
    </ClInclude>
    <ClInclude Include="multiobject.h">
      <Filter>头文件</Filter>
    </ClInclude>
    <ClInclude Include="sampler.h">
      <Filter>头文件</Filter>
    </ClInclude>
    <ClInclude Include="sample_random.h">
      <Filter>头文件</Filter>
    </ClInclude>
    <ClInclude Include="sample_regular.h">
      <Filter>头文件</Filter>
    </ClInclude>
    <ClInclude Include="sample_jittered.h">
      <Filter>头文件</Filter>
    </ClInclude>
    <ClInclude Include="sample_nrooks.h">
      <Filter>头文件</Filter>
    </ClInclude>
    <ClInclude Include="sample_multijittered.h">
      <Filter>头文件</Filter>
    </ClInclude>
    <ClInclude Include="drand48.h">
      <Filter>头文件</Filter>
    </ClInclude>
    <ClInclude Include="camera.h">
      <Filter>头文件</Filter>
    </ClInclude>
    <ClInclude Include="camera_orthographic.h">
      <Filter>头文件</Filter>
    </ClInclude>
    <ClInclude Include="camera_pinhole.h">
      <Filter>头文件</Filter>
    </ClInclude>
    <ClInclude Include="camera_thinlens.h">
      <Filter>头文件</Filter>
    </ClInclude>
    <ClInclude Include="camera_fisheye.h">
      <Filter>头文件</Filter>
    </ClInclude>
    <ClInclude Include="camera_spherical.h">
      <Filter>头文件</Filter>
    </ClInclude>
    <ClInclude Include="camera_stereo.h">
      <Filter>头文件</Filter>
    </ClInclude>
  </ItemGroup>
</Project>